{"cliVersion":"0.20.0","productModuleName":"Interfaces","sourceFilePaths":[{"path":"\/Users\/marcos\/Developer\/JobsJobs\/Packages\/Interfaces\/Sources\/Interfaces\/APIs\/JobsApiProtocol.swift","hash":"ce505c16f522c9145738a2c2423e596cbc99f60c"},{"path":"\/Users\/marcos\/Developer\/JobsJobs\/Packages\/Interfaces\/Sources\/Interfaces\/Common\/ApiError.swift","hash":"b0345480f91134445f346bff12bd5120991041b9"},{"path":"\/Users\/marcos\/Developer\/JobsJobs\/Packages\/Interfaces\/Sources\/Interfaces\/Common\/ApiResponseCode.swift","hash":"034a06cdd866ed724a7e2791c049a2ca925b298f"},{"path":"\/Users\/marcos\/Developer\/JobsJobs\/Packages\/Interfaces\/Sources\/Interfaces\/Common\/AppSchedulerProviding.swift","hash":"f26186c45a1834b4acc58470f003982bac866d22"},{"path":"\/Users\/marcos\/Developer\/JobsJobs\/Packages\/Interfaces\/Sources\/Interfaces\/DTOs\/JobDTO.swift","hash":"7099b1502742f51dfb92371a9a133d02ba59ea1d"},{"path":"\/Users\/marcos\/Developer\/JobsJobs\/Packages\/Interfaces\/Sources\/Interfaces\/DTOs\/JobsListDTO.swift","hash":"06937caaa766f713c91b100f0b750290b0757e46"}],"configHash":"44dcc7365dabbcbe8db199cbc238bda10e31ca4d","dependencyPathsHash":"da39a3ee5e6b4b0d3255bfef95601890afd80709","targetPathsHash":"2315eee5038c391e13d1fb999587348b15e81609","mockedTypesHash":null,"outputHash":"d92cf27c7f54db9bda267f4a4f4c8de79b2f6ed4","dependencies":[],"sourceRoot":"\/Users\/marcos\/Developer\/JobsJobs\/Packages\/Interfaces","supportingFilePaths":[],"name":"Interfaces","projectHash":"a304969d21775ee20c788800ced8e24859b025bd"}