// !$*UTF8*$!
{
	archiveVersion = 1;
	classes = {
	};
	objectVersion = 56;
	objects = {

/* Begin PBXBuildFile section */
		8D972B382B4C2A4900978EAB /* JobsJobsApp.swift in Sources */ = {isa = PBXBuildFile; fileRef = 8D972B372B4C2A4900978EAB /* JobsJobsApp.swift */; };
		8D972B3A2B4C2A4900978EAB /* ContentView.swift in Sources */ = {isa = PBXBuildFile; fileRef = 8D972B392B4C2A4900978EAB /* ContentView.swift */; };
		8D972B3C2B4C2A4B00978EAB /* Assets.xcassets in Resources */ = {isa = PBXBuildFile; fileRef = 8D972B3B2B4C2A4B00978EAB /* Assets.xcassets */; };
		8D972B402B4C2A4B00978EAB /* Preview Assets.xcassets in Resources */ = {isa = PBXBuildFile; fileRef = 8D972B3F2B4C2A4B00978EAB /* Preview Assets.xcassets */; };
		8D972B4A2B4C2A4C00978EAB /* JobsJobsTests.swift in Sources */ = {isa = PBXBuildFile; fileRef = 8D972B492B4C2A4C00978EAB /* JobsJobsTests.swift */; };
		8D972B542B4C2A4C00978EAB /* JobsJobsUITests.swift in Sources */ = {isa = PBXBuildFile; fileRef = 8D972B532B4C2A4C00978EAB /* JobsJobsUITests.swift */; };
		8D972B562B4C2A4C00978EAB /* JobsJobsUITestsLaunchTests.swift in Sources */ = {isa = PBXBuildFile; fileRef = 8D972B552B4C2A4C00978EAB /* JobsJobsUITestsLaunchTests.swift */; };
/* End PBXBuildFile section */

/* Begin PBXContainerItemProxy section */
		8D972B462B4C2A4C00978EAB /* PBXContainerItemProxy */ = {
			isa = PBXContainerItemProxy;
			containerPortal = 8D972B2C2B4C2A4900978EAB /* Project object */;
			proxyType = 1;
			remoteGlobalIDString = 8D972B332B4C2A4900978EAB;
			remoteInfo = JobsJobs;
		};
		8D972B502B4C2A4C00978EAB /* PBXContainerItemProxy */ = {
			isa = PBXContainerItemProxy;
			containerPortal = 8D972B2C2B4C2A4900978EAB /* Project object */;
			proxyType = 1;
			remoteGlobalIDString = 8D972B332B4C2A4900978EAB;
			remoteInfo = JobsJobs;
		};
/* End PBXContainerItemProxy section */

/* Begin PBXFileReference section */
		8D972B342B4C2A4900978EAB /* JobsJobs.app */ = {isa = PBXFileReference; explicitFileType = wrapper.application; includeInIndex = 0; path = JobsJobs.app; sourceTree = BUILT_PRODUCTS_DIR; };
		8D972B372B4C2A4900978EAB /* JobsJobsApp.swift */ = {isa = PBXFileReference; lastKnownFileType = sourcecode.swift; path = JobsJobsApp.swift; sourceTree = "<group>"; };
		8D972B392B4C2A4900978EAB /* ContentView.swift */ = {isa = PBXFileReference; lastKnownFileType = sourcecode.swift; path = ContentView.swift; sourceTree = "<group>"; };
		8D972B3B2B4C2A4B00978EAB /* Assets.xcassets */ = {isa = PBXFileReference; lastKnownFileType = folder.assetcatalog; path = Assets.xcassets; sourceTree = "<group>"; };
		8D972B3D2B4C2A4B00978EAB /* JobsJobs.entitlements */ = {isa = PBXFileReference; lastKnownFileType = text.plist.entitlements; path = JobsJobs.entitlements; sourceTree = "<group>"; };
		8D972B3F2B4C2A4B00978EAB /* Preview Assets.xcassets */ = {isa = PBXFileReference; lastKnownFileType = folder.assetcatalog; path = "Preview Assets.xcassets"; sourceTree = "<group>"; };
		8D972B452B4C2A4C00978EAB /* JobsJobsTests.xctest */ = {isa = PBXFileReference; explicitFileType = wrapper.cfbundle; includeInIndex = 0; path = JobsJobsTests.xctest; sourceTree = BUILT_PRODUCTS_DIR; };
		8D972B492B4C2A4C00978EAB /* JobsJobsTests.swift */ = {isa = PBXFileReference; lastKnownFileType = sourcecode.swift; path = JobsJobsTests.swift; sourceTree = "<group>"; };
		8D972B4F2B4C2A4C00978EAB /* JobsJobsUITests.xctest */ = {isa = PBXFileReference; explicitFileType = wrapper.cfbundle; includeInIndex = 0; path = JobsJobsUITests.xctest; sourceTree = BUILT_PRODUCTS_DIR; };
		8D972B532B4C2A4C00978EAB /* JobsJobsUITests.swift */ = {isa = PBXFileReference; lastKnownFileType = sourcecode.swift; path = JobsJobsUITests.swift; sourceTree = "<group>"; };
		8D972B552B4C2A4C00978EAB /* JobsJobsUITestsLaunchTests.swift */ = {isa = PBXFileReference; lastKnownFileType = sourcecode.swift; path = JobsJobsUITestsLaunchTests.swift; sourceTree = "<group>"; };
/* End PBXFileReference section */

/* Begin PBXFrameworksBuildPhase section */
		8D972B312B4C2A4900978EAB /* Frameworks */ = {
			isa = PBXFrameworksBuildPhase;
			buildActionMask = 2147483647;
			files = (
			);
			runOnlyForDeploymentPostprocessing = 0;
		};
		8D972B422B4C2A4C00978EAB /* Frameworks */ = {
			isa = PBXFrameworksBuildPhase;
			buildActionMask = 2147483647;
			files = (
			);
			runOnlyForDeploymentPostprocessing = 0;
		};
		8D972B4C2B4C2A4C00978EAB /* Frameworks */ = {
			isa = PBXFrameworksBuildPhase;
			buildActionMask = 2147483647;
			files = (
			);
			runOnlyForDeploymentPostprocessing = 0;
		};
/* End PBXFrameworksBuildPhase section */

/* Begin PBXGroup section */
		8D972B2B2B4C2A4900978EAB = {
			isa = PBXGroup;
			children = (
				8D972B362B4C2A4900978EAB /* JobsJobs */,
				8D972B482B4C2A4C00978EAB /* JobsJobsTests */,
				8D972B522B4C2A4C00978EAB /* JobsJobsUITests */,
				8D972B352B4C2A4900978EAB /* Products */,
			);
			sourceTree = "<group>";
		};
		8D972B352B4C2A4900978EAB /* Products */ = {
			isa = PBXGroup;
			children = (
				8D972B342B4C2A4900978EAB /* JobsJobs.app */,
				8D972B452B4C2A4C00978EAB /* JobsJobsTests.xctest */,
				8D972B4F2B4C2A4C00978EAB /* JobsJobsUITests.xctest */,
			);
			name = Products;
			sourceTree = "<group>";
		};
		8D972B362B4C2A4900978EAB /* JobsJobs */ = {
			isa = PBXGroup;
			children = (
				8D972B372B4C2A4900978EAB /* JobsJobsApp.swift */,
				8D972B392B4C2A4900978EAB /* ContentView.swift */,
				8D972B3B2B4C2A4B00978EAB /* Assets.xcassets */,
				8D972B3D2B4C2A4B00978EAB /* JobsJobs.entitlements */,
				8D972B3E2B4C2A4B00978EAB /* Preview Content */,
			);
			path = JobsJobs;
			sourceTree = "<group>";
		};
		8D972B3E2B4C2A4B00978EAB /* Preview Content */ = {
			isa = PBXGroup;
			children = (
				8D972B3F2B4C2A4B00978EAB /* Preview Assets.xcassets */,
			);
			path = "Preview Content";
			sourceTree = "<group>";
		};
		8D972B482B4C2A4C00978EAB /* JobsJobsTests */ = {
			isa = PBXGroup;
			children = (
				8D972B492B4C2A4C00978EAB /* JobsJobsTests.swift */,
			);
			path = JobsJobsTests;
			sourceTree = "<group>";
		};
		8D972B522B4C2A4C00978EAB /* JobsJobsUITests */ = {
			isa = PBXGroup;
			children = (
				8D972B532B4C2A4C00978EAB /* JobsJobsUITests.swift */,
				8D972B552B4C2A4C00978EAB /* JobsJobsUITestsLaunchTests.swift */,
			);
			path = JobsJobsUITests;
			sourceTree = "<group>";
		};
/* End PBXGroup section */

/* Begin PBXNativeTarget section */
		8D972B332B4C2A4900978EAB /* JobsJobs */ = {
			isa = PBXNativeTarget;
			buildConfigurationList = 8D972B592B4C2A4C00978EAB /* Build configuration list for PBXNativeTarget "JobsJobs" */;
			buildPhases = (
				8D972B302B4C2A4900978EAB /* Sources */,
				8D972B312B4C2A4900978EAB /* Frameworks */,
				8D972B322B4C2A4900978EAB /* Resources */,
			);
			buildRules = (
			);
			dependencies = (
			);
			name = JobsJobs;
			productName = JobsJobs;
			productReference = 8D972B342B4C2A4900978EAB /* JobsJobs.app */;
			productType = "com.apple.product-type.application";
		};
		8D972B442B4C2A4C00978EAB /* JobsJobsTests */ = {
			isa = PBXNativeTarget;
			buildConfigurationList = 8D972B5C2B4C2A4C00978EAB /* Build configuration list for PBXNativeTarget "JobsJobsTests" */;
			buildPhases = (
				8D972B412B4C2A4C00978EAB /* Sources */,
				8D972B422B4C2A4C00978EAB /* Frameworks */,
				8D972B432B4C2A4C00978EAB /* Resources */,
			);
			buildRules = (
			);
			dependencies = (
				8D972B472B4C2A4C00978EAB /* PBXTargetDependency */,
			);
			name = JobsJobsTests;
			productName = JobsJobsTests;
			productReference = 8D972B452B4C2A4C00978EAB /* JobsJobsTests.xctest */;
			productType = "com.apple.product-type.bundle.unit-test";
		};
		8D972B4E2B4C2A4C00978EAB /* JobsJobsUITests */ = {
			isa = PBXNativeTarget;
			buildConfigurationList = 8D972B5F2B4C2A4C00978EAB /* Build configuration list for PBXNativeTarget "JobsJobsUITests" */;
			buildPhases = (
				8D972B4B2B4C2A4C00978EAB /* Sources */,
				8D972B4C2B4C2A4C00978EAB /* Frameworks */,
				8D972B4D2B4C2A4C00978EAB /* Resources */,
			);
			buildRules = (
			);
			dependencies = (
				8D972B512B4C2A4C00978EAB /* PBXTargetDependency */,
			);
			name = JobsJobsUITests;
			productName = JobsJobsUITests;
			productReference = 8D972B4F2B4C2A4C00978EAB /* JobsJobsUITests.xctest */;
			productType = "com.apple.product-type.bundle.ui-testing";
		};
/* End PBXNativeTarget section */

/* Begin PBXProject section */
		8D972B2C2B4C2A4900978EAB /* Project object */ = {
			isa = PBXProject;
			attributes = {
				BuildIndependentTargetsInParallel = 1;
				LastSwiftUpdateCheck = 1510;
				LastUpgradeCheck = 1510;
				TargetAttributes = {
					8D972B332B4C2A4900978EAB = {
						CreatedOnToolsVersion = 15.1;
					};
					8D972B442B4C2A4C00978EAB = {
						CreatedOnToolsVersion = 15.1;
						TestTargetID = 8D972B332B4C2A4900978EAB;
					};
					8D972B4E2B4C2A4C00978EAB = {
						CreatedOnToolsVersion = 15.1;
						TestTargetID = 8D972B332B4C2A4900978EAB;
					};
				};
			};
			buildConfigurationList = 8D972B2F2B4C2A4900978EAB /* Build configuration list for PBXProject "JobsJobs" */;
			compatibilityVersion = "Xcode 14.0";
			developmentRegion = en;
			hasScannedForEncodings = 0;
			knownRegions = (
				en,
				Base,
			);
			mainGroup = 8D972B2B2B4C2A4900978EAB;
			productRefGroup = 8D972B352B4C2A4900978EAB /* Products */;
			projectDirPath = "";
			projectRoot = "";
			targets = (
				8D972B332B4C2A4900978EAB /* JobsJobs */,
				8D972B442B4C2A4C00978EAB /* JobsJobsTests */,
				8D972B4E2B4C2A4C00978EAB /* JobsJobsUITests */,
			);
		};
/* End PBXProject section */

/* Begin PBXResourcesBuildPhase section */
		8D972B322B4C2A4900978EAB /* Resources */ = {
			isa = PBXResourcesBuildPhase;
			buildActionMask = 2147483647;
			files = (
				8D972B402B4C2A4B00978EAB /* Preview Assets.xcassets in Resources */,
				8D972B3C2B4C2A4B00978EAB /* Assets.xcassets in Resources */,
			);
			runOnlyForDeploymentPostprocessing = 0;
		};
		8D972B432B4C2A4C00978EAB /* Resources */ = {
			isa = PBXResourcesBuildPhase;
			buildActionMask = 2147483647;
			files = (
			);
			runOnlyForDeploymentPostprocessing = 0;
		};
		8D972B4D2B4C2A4C00978EAB /* Resources */ = {
			isa = PBXResourcesBuildPhase;
			buildActionMask = 2147483647;
			files = (
			);
			runOnlyForDeploymentPostprocessing = 0;
		};
/* End PBXResourcesBuildPhase section */

/* Begin PBXSourcesBuildPhase section */
		8D972B302B4C2A4900978EAB /* Sources */ = {
			isa = PBXSourcesBuildPhase;
			buildActionMask = 2147483647;
			files = (
				8D972B3A2B4C2A4900978EAB /* ContentView.swift in Sources */,
				8D972B382B4C2A4900978EAB /* JobsJobsApp.swift in Sources */,
			);
			runOnlyForDeploymentPostprocessing = 0;
		};
		8D972B412B4C2A4C00978EAB /* Sources */ = {
			isa = PBXSourcesBuildPhase;
			buildActionMask = 2147483647;
			files = (
				8D972B4A2B4C2A4C00978EAB /* JobsJobsTests.swift in Sources */,
			);
			runOnlyForDeploymentPostprocessing = 0;
		};
		8D972B4B2B4C2A4C00978EAB /* Sources */ = {
			isa = PBXSourcesBuildPhase;
			buildActionMask = 2147483647;
			files = (
				8D972B562B4C2A4C00978EAB /* JobsJobsUITestsLaunchTests.swift in Sources */,
				8D972B542B4C2A4C00978EAB /* JobsJobsUITests.swift in Sources */,
			);
			runOnlyForDeploymentPostprocessing = 0;
		};
/* End PBXSourcesBuildPhase section */

/* Begin PBXTargetDependency section */
		8D972B472B4C2A4C00978EAB /* PBXTargetDependency */ = {
			isa = PBXTargetDependency;
			target = 8D972B332B4C2A4900978EAB /* JobsJobs */;
			targetProxy = 8D972B462B4C2A4C00978EAB /* PBXContainerItemProxy */;
		};
		8D972B512B4C2A4C00978EAB /* PBXTargetDependency */ = {
			isa = PBXTargetDependency;
			target = 8D972B332B4C2A4900978EAB /* JobsJobs */;
			targetProxy = 8D972B502B4C2A4C00978EAB /* PBXContainerItemProxy */;
		};
/* End PBXTargetDependency section */

/* Begin XCBuildConfiguration section */
		8D972B572B4C2A4C00978EAB /* Debug */ = {
			isa = XCBuildConfiguration;
			buildSettings = {
				ALWAYS_SEARCH_USER_PATHS = NO;
				ASSETCATALOG_COMPILER_GENERATE_SWIFT_ASSET_SYMBOL_EXTENSIONS = YES;
				CLANG_ANALYZER_NONNULL = YES;
				CLANG_ANALYZER_NUMBER_OBJECT_CONVERSION = YES_AGGRESSIVE;
				CLANG_CXX_LANGUAGE_STANDARD = "gnu++20";
				CLANG_ENABLE_MODULES = YES;
				CLANG_ENABLE_OBJC_ARC = YES;
				CLANG_ENABLE_OBJC_WEAK = YES;
				CLANG_WARN_BLOCK_CAPTURE_AUTORELEASING = YES;
				CLANG_WARN_BOOL_CONVERSION = YES;
				CLANG_WARN_COMMA = YES;
				CLANG_WARN_CONSTANT_CONVERSION = YES;
				CLANG_WARN_DEPRECATED_OBJC_IMPLEMENTATIONS = YES;
				CLANG_WARN_DIRECT_OBJC_ISA_USAGE = YES_ERROR;
				CLANG_WARN_DOCUMENTATION_COMMENTS = YES;
				CLANG_WARN_EMPTY_BODY = YES;
				CLANG_WARN_ENUM_CONVERSION = YES;
				CLANG_WARN_INFINITE_RECURSION = YES;
				CLANG_WARN_INT_CONVERSION = YES;
				CLANG_WARN_NON_LITERAL_NULL_CONVERSION = YES;
				CLANG_WARN_OBJC_IMPLICIT_RETAIN_SELF = YES;
				CLANG_WARN_OBJC_LITERAL_CONVERSION = YES;
				CLANG_WARN_OBJC_ROOT_CLASS = YES_ERROR;
				CLANG_WARN_QUOTED_INCLUDE_IN_FRAMEWORK_HEADER = YES;
				CLANG_WARN_RANGE_LOOP_ANALYSIS = YES;
				CLANG_WARN_STRICT_PROTOTYPES = YES;
				CLANG_WARN_SUSPICIOUS_MOVE = YES;
				CLANG_WARN_UNGUARDED_AVAILABILITY = YES_AGGRESSIVE;
				CLANG_WARN_UNREACHABLE_CODE = YES;
				CLANG_WARN__DUPLICATE_METHOD_MATCH = YES;
				COPY_PHASE_STRIP = NO;
				DEBUG_INFORMATION_FORMAT = dwarf;
				ENABLE_STRICT_OBJC_MSGSEND = YES;
				ENABLE_TESTABILITY = YES;
				ENABLE_USER_SCRIPT_SANDBOXING = YES;
				GCC_C_LANGUAGE_STANDARD = gnu17;
				GCC_DYNAMIC_NO_PIC = NO;
				GCC_NO_COMMON_BLOCKS = YES;
				GCC_OPTIMIZATION_LEVEL = 0;
				GCC_PREPROCESSOR_DEFINITIONS = (
					"DEBUG=1",
					"$(inherited)",
				);
				GCC_WARN_64_TO_32_BIT_CONVERSION = YES;
				GCC_WARN_ABOUT_RETURN_TYPE = YES_ERROR;
				GCC_WARN_UNDECLARED_SELECTOR = YES;
				GCC_WARN_UNINITIALIZED_AUTOS = YES_AGGRESSIVE;
				GCC_WARN_UNUSED_FUNCTION = YES;
				GCC_WARN_UNUSED_VARIABLE = YES;
				LOCALIZATION_PREFERS_STRING_CATALOGS = YES;
				MTL_ENABLE_DEBUG_INFO = INCLUDE_SOURCE;
				MTL_FAST_MATH = YES;
				ONLY_ACTIVE_ARCH = YES;
				SWIFT_ACTIVE_COMPILATION_CONDITIONS = "DEBUG $(inherited)";
				SWIFT_OPTIMIZATION_LEVEL = "-Onone";
			};
			name = Debug;
		};
		8D972B582B4C2A4C00978EAB /* Release */ = {
			isa = XCBuildConfiguration;
			buildSettings = {
				ALWAYS_SEARCH_USER_PATHS = NO;
				ASSETCATALOG_COMPILER_GENERATE_SWIFT_ASSET_SYMBOL_EXTENSIONS = YES;
				CLANG_ANALYZER_NONNULL = YES;
				CLANG_ANALYZER_NUMBER_OBJECT_CONVERSION = YES_AGGRESSIVE;
				CLANG_CXX_LANGUAGE_STANDARD = "gnu++20";
				CLANG_ENABLE_MODULES = YES;
				CLANG_ENABLE_OBJC_ARC = YES;
				CLANG_ENABLE_OBJC_WEAK = YES;
				CLANG_WARN_BLOCK_CAPTURE_AUTORELEASING = YES;
				CLANG_WARN_BOOL_CONVERSION = YES;
				CLANG_WARN_COMMA = YES;
				CLANG_WARN_CONSTANT_CONVERSION = YES;
				CLANG_WARN_DEPRECATED_OBJC_IMPLEMENTATIONS = YES;
				CLANG_WARN_DIRECT_OBJC_ISA_USAGE = YES_ERROR;
				CLANG_WARN_DOCUMENTATION_COMMENTS = YES;
				CLANG_WARN_EMPTY_BODY = YES;
				CLANG_WARN_ENUM_CONVERSION = YES;
				CLANG_WARN_INFINITE_RECURSION = YES;
				CLANG_WARN_INT_CONVERSION = YES;
				CLANG_WARN_NON_LITERAL_NULL_CONVERSION = YES;
				CLANG_WARN_OBJC_IMPLICIT_RETAIN_SELF = YES;
				CLANG_WARN_OBJC_LITERAL_CONVERSION = YES;
				CLANG_WARN_OBJC_ROOT_CLASS = YES_ERROR;
				CLANG_WARN_QUOTED_INCLUDE_IN_FRAMEWORK_HEADER = YES;
				CLANG_WARN_RANGE_LOOP_ANALYSIS = YES;
				CLANG_WARN_STRICT_PROTOTYPES = YES;
				CLANG_WARN_SUSPICIOUS_MOVE = YES;
				CLANG_WARN_UNGUARDED_AVAILABILITY = YES_AGGRESSIVE;
				CLANG_WARN_UNREACHABLE_CODE = YES;
				CLANG_WARN__DUPLICATE_METHOD_MATCH = YES;
				COPY_PHASE_STRIP = NO;
				DEBUG_INFORMATION_FORMAT = "dwarf-with-dsym";
				ENABLE_NS_ASSERTIONS = NO;
				ENABLE_STRICT_OBJC_MSGSEND = YES;
				ENABLE_USER_SCRIPT_SANDBOXING = YES;
				GCC_C_LANGUAGE_STANDARD = gnu17;
				GCC_NO_COMMON_BLOCKS = YES;
				GCC_WARN_64_TO_32_BIT_CONVERSION = YES;
				GCC_WARN_ABOUT_RETURN_TYPE = YES_ERROR;
				GCC_WARN_UNDECLARED_SELECTOR = YES;
				GCC_WARN_UNINITIALIZED_AUTOS = YES_AGGRESSIVE;
				GCC_WARN_UNUSED_FUNCTION = YES;
				GCC_WARN_UNUSED_VARIABLE = YES;
				LOCALIZATION_PREFERS_STRING_CATALOGS = YES;
				MTL_ENABLE_DEBUG_INFO = NO;
				MTL_FAST_MATH = YES;
				SWIFT_COMPILATION_MODE = wholemodule;
			};
			name = Release;
		};
		8D972B5A2B4C2A4C00978EAB /* Debug */ = {
			isa = XCBuildConfiguration;
			buildSettings = {
				ASSETCATALOG_COMPILER_APPICON_NAME = AppIcon;
				ASSETCATALOG_COMPILER_GLOBAL_ACCENT_COLOR_NAME = AccentColor;
				CODE_SIGN_ENTITLEMENTS = JobsJobs/JobsJobs.entitlements;
				CODE_SIGN_STYLE = Automatic;
				CURRENT_PROJECT_VERSION = 1;
				DEVELOPMENT_ASSET_PATHS = "\"JobsJobs/Preview Content\"";
				DEVELOPMENT_TEAM = M5JX3UJK7Q;
				ENABLE_HARDENED_RUNTIME = YES;
				ENABLE_PREVIEWS = YES;
				GENERATE_INFOPLIST_FILE = YES;
				"INFOPLIST_KEY_UIApplicationSceneManifest_Generation[sdk=iphoneos*]" = YES;
				"INFOPLIST_KEY_UIApplicationSceneManifest_Generation[sdk=iphonesimulator*]" = YES;
				"INFOPLIST_KEY_UIApplicationSupportsIndirectInputEvents[sdk=iphoneos*]" = YES;
				"INFOPLIST_KEY_UIApplicationSupportsIndirectInputEvents[sdk=iphonesimulator*]" = YES;
				"INFOPLIST_KEY_UILaunchScreen_Generation[sdk=iphoneos*]" = YES;
				"INFOPLIST_KEY_UILaunchScreen_Generation[sdk=iphonesimulator*]" = YES;
				"INFOPLIST_KEY_UIStatusBarStyle[sdk=iphoneos*]" = UIStatusBarStyleDefault;
				"INFOPLIST_KEY_UIStatusBarStyle[sdk=iphonesimulator*]" = UIStatusBarStyleDefault;
				INFOPLIST_KEY_UISupportedInterfaceOrientations_iPad = "UIInterfaceOrientationPortrait UIInterfaceOrientationPortraitUpsideDown UIInterfaceOrientationLandscapeLeft UIInterfaceOrientationLandscapeRight";
				INFOPLIST_KEY_UISupportedInterfaceOrientations_iPhone = "UIInterfaceOrientationPortrait UIInterfaceOrientationLandscapeLeft UIInterfaceOrientationLandscapeRight";
				IPHONEOS_DEPLOYMENT_TARGET = 17.2;
				LD_RUNPATH_SEARCH_PATHS = "@executable_path/Frameworks";
				"LD_RUNPATH_SEARCH_PATHS[sdk=macosx*]" = "@executable_path/../Frameworks";
				MACOSX_DEPLOYMENT_TARGET = 13.6;
				MARKETING_VERSION = 1.0;
				PRODUCT_BUNDLE_IDENTIFIER = com.marcos.JobsJobs;
				PRODUCT_NAME = "$(TARGET_NAME)";
				SDKROOT = auto;
				SUPPORTED_PLATFORMS = "iphoneos iphonesimulator macosx";
				SWIFT_EMIT_LOC_STRINGS = YES;
				SWIFT_VERSION = 5.0;
				TARGETED_DEVICE_FAMILY = "1,2";
			};
			name = Debug;
		};
		8D972B5B2B4C2A4C00978EAB /* Release */ = {
			isa = XCBuildConfiguration;
			buildSettings = {
				ASSETCATALOG_COMPILER_APPICON_NAME = AppIcon;
				ASSETCATALOG_COMPILER_GLOBAL_ACCENT_COLOR_NAME = AccentColor;
				CODE_SIGN_ENTITLEMENTS = JobsJobs/JobsJobs.entitlements;
				CODE_SIGN_STYLE = Automatic;
				CURRENT_PROJECT_VERSION = 1;
				DEVELOPMENT_ASSET_PATHS = "\"JobsJobs/Preview Content\"";
				DEVELOPMENT_TEAM = M5JX3UJK7Q;
				ENABLE_HARDENED_RUNTIME = YES;
				ENABLE_PREVIEWS = YES;
				GENERATE_INFOPLIST_FILE = YES;
				"INFOPLIST_KEY_UIApplicationSceneManifest_Generation[sdk=iphoneos*]" = YES;
				"INFOPLIST_KEY_UIApplicationSceneManifest_Generation[sdk=iphonesimulator*]" = YES;
				"INFOPLIST_KEY_UIApplicationSupportsIndirectInputEvents[sdk=iphoneos*]" = YES;
				"INFOPLIST_KEY_UIApplicationSupportsIndirectInputEvents[sdk=iphonesimulator*]" = YES;
				"INFOPLIST_KEY_UILaunchScreen_Generation[sdk=iphoneos*]" = YES;
				"INFOPLIST_KEY_UILaunchScreen_Generation[sdk=iphonesimulator*]" = YES;
				"INFOPLIST_KEY_UIStatusBarStyle[sdk=iphoneos*]" = UIStatusBarStyleDefault;
				"INFOPLIST_KEY_UIStatusBarStyle[sdk=iphonesimulator*]" = UIStatusBarStyleDefault;
				INFOPLIST_KEY_UISupportedInterfaceOrientations_iPad = "UIInterfaceOrientationPortrait UIInterfaceOrientationPortraitUpsideDown UIInterfaceOrientationLandscapeLeft UIInterfaceOrientationLandscapeRight";
				INFOPLIST_KEY_UISupportedInterfaceOrientations_iPhone = "UIInterfaceOrientationPortrait UIInterfaceOrientationLandscapeLeft UIInterfaceOrientationLandscapeRight";
				IPHONEOS_DEPLOYMENT_TARGET = 17.2;
				LD_RUNPATH_SEARCH_PATHS = "@executable_path/Frameworks";
				"LD_RUNPATH_SEARCH_PATHS[sdk=macosx*]" = "@executable_path/../Frameworks";
				MACOSX_DEPLOYMENT_TARGET = 13.6;
				MARKETING_VERSION = 1.0;
				PRODUCT_BUNDLE_IDENTIFIER = com.marcos.JobsJobs;
				PRODUCT_NAME = "$(TARGET_NAME)";
				SDKROOT = auto;
				SUPPORTED_PLATFORMS = "iphoneos iphonesimulator macosx";
				SWIFT_EMIT_LOC_STRINGS = YES;
				SWIFT_VERSION = 5.0;
				TARGETED_DEVICE_FAMILY = "1,2";
			};
			name = Release;
		};
		8D972B5D2B4C2A4C00978EAB /* Debug */ = {
			isa = XCBuildConfiguration;
			buildSettings = {
				ALWAYS_EMBED_SWIFT_STANDARD_LIBRARIES = YES;
				BUNDLE_LOADER = "$(TEST_HOST)";
				CODE_SIGN_STYLE = Automatic;
				CURRENT_PROJECT_VERSION = 1;
				DEVELOPMENT_TEAM = M5JX3UJK7Q;
				GENERATE_INFOPLIST_FILE = YES;
				IPHONEOS_DEPLOYMENT_TARGET = 17.2;
				MACOSX_DEPLOYMENT_TARGET = 13.6;
				MARKETING_VERSION = 1.0;
				PRODUCT_BUNDLE_IDENTIFIER = com.marcos.JobsJobsTests;
				PRODUCT_NAME = "$(TARGET_NAME)";
				SDKROOT = auto;
				SUPPORTED_PLATFORMS = "iphoneos iphonesimulator macosx";
				SWIFT_EMIT_LOC_STRINGS = NO;
				SWIFT_VERSION = 5.0;
				TARGETED_DEVICE_FAMILY = "1,2";
				TEST_HOST = "$(BUILT_PRODUCTS_DIR)/JobsJobs.app/$(BUNDLE_EXECUTABLE_FOLDER_PATH)/JobsJobs";
			};
			name = Debug;
		};
		8D972B5E2B4C2A4C00978EAB /* Release */ = {
			isa = XCBuildConfiguration;
			buildSettings = {
				ALWAYS_EMBED_SWIFT_STANDARD_LIBRARIES = YES;
				BUNDLE_LOADER = "$(TEST_HOST)";
				CODE_SIGN_STYLE = Automatic;
				CURRENT_PROJECT_VERSION = 1;
				DEVELOPMENT_TEAM = M5JX3UJK7Q;
				GENERATE_INFOPLIST_FILE = YES;
				IPHONEOS_DEPLOYMENT_TARGET = 17.2;
				MACOSX_DEPLOYMENT_TARGET = 13.6;
				MARKETING_VERSION = 1.0;
				PRODUCT_BUNDLE_IDENTIFIER = com.marcos.JobsJobsTests;
				PRODUCT_NAME = "$(TARGET_NAME)";
				SDKROOT = auto;
				SUPPORTED_PLATFORMS = "iphoneos iphonesimulator macosx";
				SWIFT_EMIT_LOC_STRINGS = NO;
				SWIFT_VERSION = 5.0;
				TARGETED_DEVICE_FAMILY = "1,2";
				TEST_HOST = "$(BUILT_PRODUCTS_DIR)/JobsJobs.app/$(BUNDLE_EXECUTABLE_FOLDER_PATH)/JobsJobs";
			};
			name = Release;
		};
		8D972B602B4C2A4C00978EAB /* Debug */ = {
			isa = XCBuildConfiguration;
			buildSettings = {
				ALWAYS_EMBED_SWIFT_STANDARD_LIBRARIES = YES;
				CODE_SIGN_STYLE = Automatic;
				CURRENT_PROJECT_VERSION = 1;
				DEVELOPMENT_TEAM = M5JX3UJK7Q;
				GENERATE_INFOPLIST_FILE = YES;
				IPHONEOS_DEPLOYMENT_TARGET = 17.2;
				MACOSX_DEPLOYMENT_TARGET = 13.6;
				MARKETING_VERSION = 1.0;
				PRODUCT_BUNDLE_IDENTIFIER = com.marcos.JobsJobsUITests;
				PRODUCT_NAME = "$(TARGET_NAME)";
				SDKROOT = auto;
				SUPPORTED_PLATFORMS = "iphoneos iphonesimulator macosx";
				SWIFT_EMIT_LOC_STRINGS = NO;
				SWIFT_VERSION = 5.0;
				TARGETED_DEVICE_FAMILY = "1,2";
				TEST_TARGET_NAME = JobsJobs;
			};
			name = Debug;
		};
		8D972B612B4C2A4C00978EAB /* Release */ = {
			isa = XCBuildConfiguration;
			buildSettings = {
				ALWAYS_EMBED_SWIFT_STANDARD_LIBRARIES = YES;
				CODE_SIGN_STYLE = Automatic;
				CURRENT_PROJECT_VERSION = 1;
				DEVELOPMENT_TEAM = M5JX3UJK7Q;
				GENERATE_INFOPLIST_FILE = YES;
				IPHONEOS_DEPLOYMENT_TARGET = 17.2;
				MACOSX_DEPLOYMENT_TARGET = 13.6;
				MARKETING_VERSION = 1.0;
				PRODUCT_BUNDLE_IDENTIFIER = com.marcos.JobsJobsUITests;
				PRODUCT_NAME = "$(TARGET_NAME)";
				SDKROOT = auto;
				SUPPORTED_PLATFORMS = "iphoneos iphonesimulator macosx";
				SWIFT_EMIT_LOC_STRINGS = NO;
				SWIFT_VERSION = 5.0;
				TARGETED_DEVICE_FAMILY = "1,2";
				TEST_TARGET_NAME = JobsJobs;
			};
			name = Release;
		};
/* End XCBuildConfiguration section */

/* Begin XCConfigurationList section */
		8D972B2F2B4C2A4900978EAB /* Build configuration list for PBXProject "JobsJobs" */ = {
			isa = XCConfigurationList;
			buildConfigurations = (
				8D972B572B4C2A4C00978EAB /* Debug */,
				8D972B582B4C2A4C00978EAB /* Release */,
			);
			defaultConfigurationIsVisible = 0;
			defaultConfigurationName = Release;
		};
		8D972B592B4C2A4C00978EAB /* Build configuration list for PBXNativeTarget "JobsJobs" */ = {
			isa = XCConfigurationList;
			buildConfigurations = (
				8D972B5A2B4C2A4C00978EAB /* Debug */,
				8D972B5B2B4C2A4C00978EAB /* Release */,
			);
			defaultConfigurationIsVisible = 0;
			defaultConfigurationName = Release;
		};
		8D972B5C2B4C2A4C00978EAB /* Build configuration list for PBXNativeTarget "JobsJobsTests" */ = {
			isa = XCConfigurationList;
			buildConfigurations = (
				8D972B5D2B4C2A4C00978EAB /* Debug */,
				8D972B5E2B4C2A4C00978EAB /* Release */,
			);
			defaultConfigurationIsVisible = 0;
			defaultConfigurationName = Release;
		};
		8D972B5F2B4C2A4C00978EAB /* Build configuration list for PBXNativeTarget "JobsJobsUITests" */ = {
			isa = XCConfigurationList;
			buildConfigurations = (
				8D972B602B4C2A4C00978EAB /* Debug */,
				8D972B612B4C2A4C00978EAB /* Release */,
			);
			defaultConfigurationIsVisible = 0;
			defaultConfigurationName = Release;
		};
/* End XCConfigurationList section */
	};
	rootObject = 8D972B2C2B4C2A4900978EAB /* Project object */;
}
